<Solution>
  <Configurations>
    <Platform Name="Any CPU" />
    <Platform Name="x64" />
    <Platform Name="x86" />
  </Configurations>
  <Folder Name="/Solution Items/">
    <File Path=".dockerignore" />
    <File Path=".editorconfig" />
    <File Path=".gitattributes" />
    <File Path=".gitignore" />
    <File Path="Directory.Build.props" />
    <File Path="Directory.Packages.props" />
    <File Path="docker-compose.yml" />
    <File Path="Dockerfile" />
    <File Path="README.md" />
  </Folder>
  <Folder Name="/src/">
    <Project Path="src/Taxi.Api/Taxi.Api.csproj" />
    <Project Path="src/Taxi.Application/Taxi.Application.csproj" />
    <Project Path="src/Taxi.Client/Taxi.Client.csproj" />
    <Project Path="src/Taxi.Contracts/Taxi.Contracts.csproj" />
    <Project Path="src/Taxi.Domain/Taxi.Domain.csproj" />
    <Project Path="src/Taxi.Infrastructure/Taxi.Infrastructure.csproj" />
  </Folder>
</Solution>
